// !$*UTF8*$!
{
	archiveVersion = 1;
	classes = {
	};
	objectVersion = 46;
	objects = {

/* Begin PBXBuildFile section */
		21038F4A1E3FEFA900BDC3F2 /* AppDelegate.swift in Sources */ = {isa = PBXBuildFile; fileRef = 21038F491E3FEFA900BDC3F2 /* AppDelegate.swift */; };
		21038F4C1E3FEFA900BDC3F2 /* ViewController.swift in Sources */ = {isa = PBXBuildFile; fileRef = 21038F4B1E3FEFA900BDC3F2 /* ViewController.swift */; };
		21038F4E1E3FEFA900BDC3F2 /* Document.swift in Sources */ = {isa = PBXBuildFile; fileRef = 21038F4D1E3FEFA900BDC3F2 /* Document.swift */; };
		21038F531E3FEFA900BDC3F2 /* Main.storyboard in Resources */ = {isa = PBXBuildFile; fileRef = 21038F511E3FEFA900BDC3F2 /* Main.storyboard */; };
		21038F611E3FF27F00BDC3F2 /* template.html in Resources */ = {isa = PBXBuildFile; fileRef = 21038F601E3FF27F00BDC3F2 /* template.html */; };
		21038F631E3FF2D200BDC3F2 /* nbv.js in Resources */ = {isa = PBXBuildFile; fileRef = 21038F621E3FF2D200BDC3F2 /* nbv.js */; };
		21946AFD1E40B6FF0054C77E /* Jupyter Notebook Document.iconset in Resources */ = {isa = PBXBuildFile; fileRef = 21946AFC1E40B6FF0054C77E /* Jupyter Notebook Document.iconset */; };
		21946AFF1E40B8060054C77E /* Images.xcassets in Resources */ = {isa = PBXBuildFile; fileRef = 21946AFE1E40B8060054C77E /* Images.xcassets */; };
/* End PBXBuildFile section */

/* Begin PBXFileReference section */
		21038F461E3FEFA900BDC3F2 /* Jupyter Notebook Viewer.app */ = {isa = PBXFileReference; explicitFileType = wrapper.application; includeInIndex = 0; path = "Jupyter Notebook Viewer.app"; sourceTree = BUILT_PRODUCTS_DIR; };
		21038F491E3FEFA900BDC3F2 /* AppDelegate.swift */ = {isa = PBXFileReference; lastKnownFileType = sourcecode.swift; path = AppDelegate.swift; sourceTree = "<group>"; };
		21038F4B1E3FEFA900BDC3F2 /* ViewController.swift */ = {isa = PBXFileReference; lastKnownFileType = sourcecode.swift; path = ViewController.swift; sourceTree = "<group>"; };
		21038F4D1E3FEFA900BDC3F2 /* Document.swift */ = {isa = PBXFileReference; lastKnownFileType = sourcecode.swift; path = Document.swift; sourceTree = "<group>"; };
		21038F521E3FEFA900BDC3F2 /* Base */ = {isa = PBXFileReference; lastKnownFileType = file.storyboard; name = Base; path = Base.lproj/Main.storyboard; sourceTree = "<group>"; };
		21038F541E3FEFA900BDC3F2 /* Info.plist */ = {isa = PBXFileReference; lastKnownFileType = text.plist.xml; path = Info.plist; sourceTree = "<group>"; };
		21038F601E3FF27F00BDC3F2 /* template.html */ = {isa = PBXFileReference; fileEncoding = 4; lastKnownFileType = text.html; name = template.html; path = "Jupyter Notebook Viewer/template.html"; sourceTree = "<group>"; };
		21038F621E3FF2D200BDC3F2 /* nbv.js */ = {isa = PBXFileReference; fileEncoding = 4; lastKnownFileType = sourcecode.javascript; name = nbv.js; path = nbviewer.js/lib/nbv.js; sourceTree = SOURCE_ROOT; };
		21946AFC1E40B6FF0054C77E /* Jupyter Notebook Document.iconset */ = {isa = PBXFileReference; lastKnownFileType = folder.iconset; name = "Jupyter Notebook Document.iconset"; path = "Icons/Jupyter Notebook Document.iconset"; sourceTree = "<group>"; };
		21946AFE1E40B8060054C77E /* Images.xcassets */ = {isa = PBXFileReference; lastKnownFileType = folder.assetcatalog; path = Images.xcassets; sourceTree = "<group>"; };
/* End PBXFileReference section */

/* Begin PBXFrameworksBuildPhase section */
		21038F431E3FEFA900BDC3F2 /* Frameworks */ = {
			isa = PBXFrameworksBuildPhase;
			buildActionMask = 2147483647;
			files = (
			);
			runOnlyForDeploymentPostprocessing = 0;
		};
/* End PBXFrameworksBuildPhase section */

/* Begin PBXGroup section */
		21038F3D1E3FEFA900BDC3F2 = {
			isa = PBXGroup;
			children = (
				21B3ED711E401F60000003D0 /* Resources */,
				21038F481E3FEFA900BDC3F2 /* Jupyter Notebook Viewer */,
				21038F471E3FEFA900BDC3F2 /* Products */,
			);
			sourceTree = "<group>";
		};
		21038F471E3FEFA900BDC3F2 /* Products */ = {
			isa = PBXGroup;
			children = (
				21038F461E3FEFA900BDC3F2 /* Jupyter Notebook Viewer.app */,
			);
			name = Products;
			sourceTree = "<group>";
		};
		21038F481E3FEFA900BDC3F2 /* Jupyter Notebook Viewer */ = {
			isa = PBXGroup;
			children = (
				21038F491E3FEFA900BDC3F2 /* AppDelegate.swift */,
				21038F4B1E3FEFA900BDC3F2 /* ViewController.swift */,
				21038F4D1E3FEFA900BDC3F2 /* Document.swift */,
				21038F511E3FEFA900BDC3F2 /* Main.storyboard */,
				21038F541E3FEFA900BDC3F2 /* Info.plist */,
				21946AFE1E40B8060054C77E /* Images.xcassets */,
			);
			path = "Jupyter Notebook Viewer";
			sourceTree = "<group>";
		};
		21B3ED711E401F60000003D0 /* Resources */ = {
			isa = PBXGroup;
			children = (
				21038F601E3FF27F00BDC3F2 /* template.html */,
				21038F621E3FF2D200BDC3F2 /* nbv.js */,
				21946AFC1E40B6FF0054C77E /* Jupyter Notebook Document.iconset */,
			);
			name = Resources;
			sourceTree = "<group>";
		};
/* End PBXGroup section */

/* Begin PBXNativeTarget section */
		21038F451E3FEFA900BDC3F2 /* Jupyter Notebook Viewer */ = {
			isa = PBXNativeTarget;
			buildConfigurationList = 21038F571E3FEFA900BDC3F2 /* Build configuration list for PBXNativeTarget "Jupyter Notebook Viewer" */;
			buildPhases = (
				21038F421E3FEFA900BDC3F2 /* Sources */,
				21038F431E3FEFA900BDC3F2 /* Frameworks */,
				21038F441E3FEFA900BDC3F2 /* Resources */,
			);
			buildRules = (
			);
			dependencies = (
			);
			name = "Jupyter Notebook Viewer";
			productName = "Jupyter Notebook Viewer";
			productReference = 21038F461E3FEFA900BDC3F2 /* Jupyter Notebook Viewer.app */;
			productType = "com.apple.product-type.application";
		};
/* End PBXNativeTarget section */

/* Begin PBXProject section */
		21038F3E1E3FEFA900BDC3F2 /* Project object */ = {
			isa = PBXProject;
			attributes = {
				LastSwiftUpdateCheck = 0820;
				LastUpgradeCheck = 0820;
				ORGANIZATIONNAME = "Tino Wagner";
				TargetAttributes = {
					21038F451E3FEFA900BDC3F2 = {
						CreatedOnToolsVersion = 8.2.1;
						ProvisioningStyle = Automatic;
					};
				};
			};
			buildConfigurationList = 21038F411E3FEFA900BDC3F2 /* Build configuration list for PBXProject "Jupyter Notebook Viewer" */;
			compatibilityVersion = "Xcode 3.2";
			developmentRegion = English;
			hasScannedForEncodings = 0;
			knownRegions = (
				en,
				Base,
			);
			mainGroup = 21038F3D1E3FEFA900BDC3F2;
			productRefGroup = 21038F471E3FEFA900BDC3F2 /* Products */;
			projectDirPath = "";
			projectRoot = "";
			targets = (
				21038F451E3FEFA900BDC3F2 /* Jupyter Notebook Viewer */,
			);
		};
/* End PBXProject section */

/* Begin PBXResourcesBuildPhase section */
		21038F441E3FEFA900BDC3F2 /* Resources */ = {
			isa = PBXResourcesBuildPhase;
			buildActionMask = 2147483647;
			files = (
				21946AFD1E40B6FF0054C77E /* Jupyter Notebook Document.iconset in Resources */,
				21946AFF1E40B8060054C77E /* Images.xcassets in Resources */,
				21038F611E3FF27F00BDC3F2 /* template.html in Resources */,
				21038F531E3FEFA900BDC3F2 /* Main.storyboard in Resources */,
				21038F631E3FF2D200BDC3F2 /* nbv.js in Resources */,
			);
			runOnlyForDeploymentPostprocessing = 0;
		};
/* End PBXResourcesBuildPhase section */

/* Begin PBXSourcesBuildPhase section */
		21038F421E3FEFA900BDC3F2 /* Sources */ = {
			isa = PBXSourcesBuildPhase;
			buildActionMask = 2147483647;
			files = (
				21038F4C1E3FEFA900BDC3F2 /* ViewController.swift in Sources */,
				21038F4A1E3FEFA900BDC3F2 /* AppDelegate.swift in Sources */,
				21038F4E1E3FEFA900BDC3F2 /* Document.swift in Sources */,
			);
			runOnlyForDeploymentPostprocessing = 0;
		};
/* End PBXSourcesBuildPhase section */

/* Begin PBXVariantGroup section */
		21038F511E3FEFA900BDC3F2 /* Main.storyboard */ = {
			isa = PBXVariantGroup;
			children = (
				21038F521E3FEFA900BDC3F2 /* Base */,
			);
			name = Main.storyboard;
			sourceTree = "<group>";
		};
/* End PBXVariantGroup section */

/* Begin XCBuildConfiguration section */
		21038F551E3FEFA900BDC3F2 /* Debug */ = {
			isa = XCBuildConfiguration;
			buildSettings = {
				ALWAYS_SEARCH_USER_PATHS = NO;
				CLANG_ANALYZER_NONNULL = YES;
				CLANG_CXX_LANGUAGE_STANDARD = "gnu++0x";
				CLANG_CXX_LIBRARY = "libc++";
				CLANG_ENABLE_MODULES = YES;
				CLANG_ENABLE_OBJC_ARC = YES;
				CLANG_WARN_BOOL_CONVERSION = YES;
				CLANG_WARN_CONSTANT_CONVERSION = YES;
				CLANG_WARN_DIRECT_OBJC_ISA_USAGE = YES_ERROR;
				CLANG_WARN_DOCUMENTATION_COMMENTS = YES;
				CLANG_WARN_EMPTY_BODY = YES;
				CLANG_WARN_ENUM_CONVERSION = YES;
				CLANG_WARN_INFINITE_RECURSION = YES;
				CLANG_WARN_INT_CONVERSION = YES;
				CLANG_WARN_OBJC_ROOT_CLASS = YES_ERROR;
				CLANG_WARN_SUSPICIOUS_MOVE = YES;
				CLANG_WARN_UNREACHABLE_CODE = YES;
				CLANG_WARN__DUPLICATE_METHOD_MATCH = YES;
				CODE_SIGN_IDENTITY = "-";
				COPY_PHASE_STRIP = NO;
				DEBUG_INFORMATION_FORMAT = dwarf;
				ENABLE_STRICT_OBJC_MSGSEND = YES;
				ENABLE_TESTABILITY = YES;
				GCC_C_LANGUAGE_STANDARD = gnu99;
				GCC_DYNAMIC_NO_PIC = NO;
				GCC_NO_COMMON_BLOCKS = YES;
				GCC_OPTIMIZATION_LEVEL = 0;
				GCC_PREPROCESSOR_DEFINITIONS = (
					"DEBUG=1",
					"$(inherited)",
				);
				GCC_WARN_64_TO_32_BIT_CONVERSION = YES;
				GCC_WARN_ABOUT_RETURN_TYPE = YES_ERROR;
				GCC_WARN_UNDECLARED_SELECTOR = YES;
				GCC_WARN_UNINITIALIZED_AUTOS = YES_AGGRESSIVE;
				GCC_WARN_UNUSED_FUNCTION = YES;
				GCC_WARN_UNUSED_VARIABLE = YES;
				MACOSX_DEPLOYMENT_TARGET = 10.12;
				MTL_ENABLE_DEBUG_INFO = YES;
				ONLY_ACTIVE_ARCH = YES;
				SDKROOT = macosx;
				SWIFT_ACTIVE_COMPILATION_CONDITIONS = DEBUG;
				SWIFT_OPTIMIZATION_LEVEL = "-Onone";
			};
			name = Debug;
		};
		21038F561E3FEFA900BDC3F2 /* Release */ = {
			isa = XCBuildConfiguration;
			buildSettings = {
				ALWAYS_SEARCH_USER_PATHS = NO;
				CLANG_ANALYZER_NONNULL = YES;
				CLANG_CXX_LANGUAGE_STANDARD = "gnu++0x";
				CLANG_CXX_LIBRARY = "libc++";
				CLANG_ENABLE_MODULES = YES;
				CLANG_ENABLE_OBJC_ARC = YES;
				CLANG_WARN_BOOL_CONVERSION = YES;
				CLANG_WARN_CONSTANT_CONVERSION = YES;
				CLANG_WARN_DIRECT_OBJC_ISA_USAGE = YES_ERROR;
				CLANG_WARN_DOCUMENTATION_COMMENTS = YES;
				CLANG_WARN_EMPTY_BODY = YES;
				CLANG_WARN_ENUM_CONVERSION = YES;
				CLANG_WARN_INFINITE_RECURSION = YES;
				CLANG_WARN_INT_CONVERSION = YES;
				CLANG_WARN_OBJC_ROOT_CLASS = YES_ERROR;
				CLANG_WARN_SUSPICIOUS_MOVE = YES;
				CLANG_WARN_UNREACHABLE_CODE = YES;
				CLANG_WARN__DUPLICATE_METHOD_MATCH = YES;
				CODE_SIGN_IDENTITY = "-";
				COPY_PHASE_STRIP = NO;
				DEBUG_INFORMATION_FORMAT = "dwarf-with-dsym";
				ENABLE_NS_ASSERTIONS = NO;
				ENABLE_STRICT_OBJC_MSGSEND = YES;
				GCC_C_LANGUAGE_STANDARD = gnu99;
				GCC_NO_COMMON_BLOCKS = YES;
				GCC_WARN_64_TO_32_BIT_CONVERSION = YES;
				GCC_WARN_ABOUT_RETURN_TYPE = YES_ERROR;
				GCC_WARN_UNDECLARED_SELECTOR = YES;
				GCC_WARN_UNINITIALIZED_AUTOS = YES_AGGRESSIVE;
				GCC_WARN_UNUSED_FUNCTION = YES;
				GCC_WARN_UNUSED_VARIABLE = YES;
				MACOSX_DEPLOYMENT_TARGET = 10.12;
				MTL_ENABLE_DEBUG_INFO = NO;
				SDKROOT = macosx;
				SWIFT_OPTIMIZATION_LEVEL = "-Owholemodule";
			};
			name = Release;
		};
		21038F581E3FEFA900BDC3F2 /* Debug */ = {
			isa = XCBuildConfiguration;
			buildSettings = {
				ASSETCATALOG_COMPILER_APPICON_NAME = AppIcon;
				COMBINE_HIDPI_IMAGES = YES;
				INFOPLIST_FILE = "Jupyter Notebook Viewer/Info.plist";
				LD_RUNPATH_SEARCH_PATHS = "$(inherited) @executable_path/../Frameworks";
				PRODUCT_BUNDLE_IDENTIFIER = "com.tinowagner.Jupyter-Notebook-Viewer";
				PRODUCT_NAME = "$(TARGET_NAME)";
				SWIFT_VERSION = 3.0;
			};
			name = Debug;
		};
		21038F591E3FEFA900BDC3F2 /* Release */ = {
			isa = XCBuildConfiguration;
			buildSettings = {
				ASSETCATALOG_COMPILER_APPICON_NAME = AppIcon;
				COMBINE_HIDPI_IMAGES = YES;
				INFOPLIST_FILE = "Jupyter Notebook Viewer/Info.plist";
				LD_RUNPATH_SEARCH_PATHS = "$(inherited) @executable_path/../Frameworks";
				PRODUCT_BUNDLE_IDENTIFIER = "com.tinowagner.Jupyter-Notebook-Viewer";
				PRODUCT_NAME = "$(TARGET_NAME)";
				SWIFT_VERSION = 3.0;
			};
			name = Release;
		};
/* End XCBuildConfiguration section */

/* Begin XCConfigurationList section */
		21038F411E3FEFA900BDC3F2 /* Build configuration list for PBXProject "Jupyter Notebook Viewer" */ = {
			isa = XCConfigurationList;
			buildConfigurations = (
				21038F551E3FEFA900BDC3F2 /* Debug */,
				21038F561E3FEFA900BDC3F2 /* Release */,
			);
			defaultConfigurationIsVisible = 0;
			defaultConfigurationName = Release;
		};
		21038F571E3FEFA900BDC3F2 /* Build configuration list for PBXNativeTarget "Jupyter Notebook Viewer" */ = {
			isa = XCConfigurationList;
			buildConfigurations = (
				21038F581E3FEFA900BDC3F2 /* Debug */,
				21038F591E3FEFA900BDC3F2 /* Release */,
			);
			defaultConfigurationIsVisible = 0;
			defaultConfigurationName = Release;
		};
/* End XCConfigurationList section */
	};
	rootObject = 21038F3E1E3FEFA900BDC3F2 /* Project object */;
}
